dependencies:
- name: postgresql
  repository: ""
  version: 13.2.14
- name: minio
  repository: ""
  version: 5.0.13
- name: fastchat
  repository: ""
  version: 0.0.3
- name: chromadb
  repository: ""
  version: 0.1.19
digest: sha256:94bd784921bf4082574331977b211f635fa59972579cb8d8296c2b64901ada2a
generated: "2024-01-09T06:09:53.933153139Z"
