dependencies:
- name: postgresql
  repository: ""
  version: 13.2.14
- name: minio
  repository: ""
  version: 5.0.13
- name: fastchat
  repository: ""
  version: 0.0.3
- name: chromadb
  repository: ""
  version: 0.1.19
digest: sha256:3290cfc76517017aa614ea50a56c20d890d6d01a05d5dda687961d1638a8ac3d
generated: "2023-12-19T08:14:19.740542276Z"
