dependencies:
- name: postgresql
  repository: ""
  version: 13.2.14
- name: minio
  repository: ""
  version: 5.0.13
- name: fastchat
  repository: ""
  version: 0.0.3
- name: chromadb
  repository: ""
  version: 0.1.19
digest: sha256:e1baef276a6d9d9462cca0f5936c9be9017ac640efe82c13518b235c8f52d964
generated: "2023-12-20T17:42:06.964973+08:00"
